
Microsoft Visual Studio Solution File, Format Version 12.00
# Visual Studio Version 17
VisualStudioVersion = 17.6.33829.357
MinimumVisualStudioVersion = 10.0.40219.1
Project("{F184B08F-C81C-45F6-A57F-5ABD9991F28F}") = "Demo4", "Demo4.vbproj", "{DB3D4318-E9A1-410E-99BE-BC0645580C24}"
EndProject
Global
	GlobalSection(SolutionConfigurationPlatforms) = preSolution
		Debug|Any CPU = Debug|Any CPU
		Release|Any CPU = Release|Any CPU
	EndGlobalSection
	GlobalSection(ProjectConfigurationPlatforms) = postSolution
		{DB3D4318-E9A1-410E-99BE-BC0645580C24}.Debug|Any CPU.ActiveCfg = Debug|Any CPU
		{DB3D4318-E9A1-410E-99BE-BC0645580C24}.Debug|Any CPU.Build.0 = Debug|Any CPU
		{DB3D4318-E9A1-410E-99BE-BC0645580C24}.Release|Any CPU.ActiveCfg = Release|Any CPU
		{DB3D4318-E9A1-410E-99BE-BC0645580C24}.Release|Any CPU.Build.0 = Release|Any CPU
	EndGlobalSection
	GlobalSection(SolutionProperties) = preSolution
		HideSolutionNode = FALSE
	EndGlobalSection
	GlobalSection(ExtensibilityGlobals) = postSolution
		SolutionGuid = {5B2130D5-CFCD-4943-B0E5-E9A95857DABE}
	EndGlobalSection
EndGlobal
